
Microsoft Visual Studio Solution File, Format Version 12.00
Project("{FAE04EC0-301F-11D3-BF4B-00C04F79EFBC}") = "Singleton", "Singleton.csproj", "{DA0144EC-799F-4425-8AA1-73ED83E61845}"
EndProject
Global
	GlobalSection(SolutionConfigurationPlatforms) = preSolution
		Debug|Any CPU = Debug|Any CPU
		Release|Any CPU = Release|Any CPU
	EndGlobalSection
	GlobalSection(ProjectConfigurationPlatforms) = postSolution
		{DA0144EC-799F-4425-8AA1-73ED83E61845}.Debug|Any CPU.ActiveCfg = Debug|Any CPU
		{DA0144EC-799F-4425-8AA1-73ED83E61845}.Debug|Any CPU.Build.0 = Debug|Any CPU
		{DA0144EC-799F-4425-8AA1-73ED83E61845}.Release|Any CPU.ActiveCfg = Release|Any CPU
		{DA0144EC-799F-4425-8AA1-73ED83E61845}.Release|Any CPU.Build.0 = Release|Any CPU
	EndGlobalSection
EndGlobal
